// !$*UTF8*$!
{
	archiveVersion = 1;
	classes = {
	};
	objectVersion = 46;
	objects = {

/* Begin PBXBuildFile section */
		86F6B5C91EB7DA40003F8C8D /* AppDelegate.swift in Sources */ = {isa = PBXBuildFile; fileRef = 86F6B5C81EB7DA40003F8C8D /* AppDelegate.swift */; };
		86F6B5CB1EB7DA40003F8C8D /* ViewController.swift in Sources */ = {isa = PBXBuildFile; fileRef = 86F6B5CA1EB7DA40003F8C8D /* ViewController.swift */; };
		86F6B5CE1EB7DA40003F8C8D /* Main.storyboard in Resources */ = {isa = PBXBuildFile; fileRef = 86F6B5CC1EB7DA40003F8C8D /* Main.storyboard */; };
		86F6B5D01EB7DA40003F8C8D /* Assets.xcassets in Resources */ = {isa = PBXBuildFile; fileRef = 86F6B5CF1EB7DA40003F8C8D /* Assets.xcassets */; };
		86F6B5D31EB7DA40003F8C8D /* LaunchScreen.storyboard in Resources */ = {isa = PBXBuildFile; fileRef = 86F6B5D11EB7DA40003F8C8D /* LaunchScreen.storyboard */; };
		86F6B5DE1EB7DA40003F8C8D /* DebateTests.swift in Sources */ = {isa = PBXBuildFile; fileRef = 86F6B5DD1EB7DA40003F8C8D /* DebateTests.swift */; };
		86F6B5E91EB7DA40003F8C8D /* DebateUITests.swift in Sources */ = {isa = PBXBuildFile; fileRef = 86F6B5E81EB7DA40003F8C8D /* DebateUITests.swift */; };
/* End PBXBuildFile section */

/* Begin PBXContainerItemProxy section */
		86F6B5DA1EB7DA40003F8C8D /* PBXContainerItemProxy */ = {
			isa = PBXContainerItemProxy;
			containerPortal = 86F6B5BD1EB7DA40003F8C8D /* Project object */;
			proxyType = 1;
			remoteGlobalIDString = 86F6B5C41EB7DA40003F8C8D;
			remoteInfo = Debate;
		};
		86F6B5E51EB7DA40003F8C8D /* PBXContainerItemProxy */ = {
			isa = PBXContainerItemProxy;
			containerPortal = 86F6B5BD1EB7DA40003F8C8D /* Project object */;
			proxyType = 1;
			remoteGlobalIDString = 86F6B5C41EB7DA40003F8C8D;
			remoteInfo = Debate;
		};
/* End PBXContainerItemProxy section */

/* Begin PBXFileReference section */
		86F6B5C51EB7DA40003F8C8D /* Debate.app */ = {isa = PBXFileReference; explicitFileType = wrapper.application; includeInIndex = 0; path = Debate.app; sourceTree = BUILT_PRODUCTS_DIR; };
		86F6B5C81EB7DA40003F8C8D /* AppDelegate.swift */ = {isa = PBXFileReference; lastKnownFileType = sourcecode.swift; path = AppDelegate.swift; sourceTree = "<group>"; };
		86F6B5CA1EB7DA40003F8C8D /* ViewController.swift */ = {isa = PBXFileReference; lastKnownFileType = sourcecode.swift; path = ViewController.swift; sourceTree = "<group>"; };
		86F6B5CD1EB7DA40003F8C8D /* Base */ = {isa = PBXFileReference; lastKnownFileType = file.storyboard; name = Base; path = Base.lproj/Main.storyboard; sourceTree = "<group>"; };
		86F6B5CF1EB7DA40003F8C8D /* Assets.xcassets */ = {isa = PBXFileReference; lastKnownFileType = folder.assetcatalog; path = Assets.xcassets; sourceTree = "<group>"; };
		86F6B5D21EB7DA40003F8C8D /* Base */ = {isa = PBXFileReference; lastKnownFileType = file.storyboard; name = Base; path = Base.lproj/LaunchScreen.storyboard; sourceTree = "<group>"; };
		86F6B5D41EB7DA40003F8C8D /* Info.plist */ = {isa = PBXFileReference; lastKnownFileType = text.plist.xml; path = Info.plist; sourceTree = "<group>"; };
		86F6B5D91EB7DA40003F8C8D /* DebateTests.xctest */ = {isa = PBXFileReference; explicitFileType = wrapper.cfbundle; includeInIndex = 0; path = DebateTests.xctest; sourceTree = BUILT_PRODUCTS_DIR; };
		86F6B5DD1EB7DA40003F8C8D /* DebateTests.swift */ = {isa = PBXFileReference; lastKnownFileType = sourcecode.swift; path = DebateTests.swift; sourceTree = "<group>"; };
		86F6B5DF1EB7DA40003F8C8D /* Info.plist */ = {isa = PBXFileReference; lastKnownFileType = text.plist.xml; path = Info.plist; sourceTree = "<group>"; };
		86F6B5E41EB7DA40003F8C8D /* DebateUITests.xctest */ = {isa = PBXFileReference; explicitFileType = wrapper.cfbundle; includeInIndex = 0; path = DebateUITests.xctest; sourceTree = BUILT_PRODUCTS_DIR; };
		86F6B5E81EB7DA40003F8C8D /* DebateUITests.swift */ = {isa = PBXFileReference; lastKnownFileType = sourcecode.swift; path = DebateUITests.swift; sourceTree = "<group>"; };
		86F6B5EA1EB7DA40003F8C8D /* Info.plist */ = {isa = PBXFileReference; lastKnownFileType = text.plist.xml; path = Info.plist; sourceTree = "<group>"; };
/* End PBXFileReference section */

/* Begin PBXFrameworksBuildPhase section */
		86F6B5C21EB7DA40003F8C8D /* Frameworks */ = {
			isa = PBXFrameworksBuildPhase;
			buildActionMask = 2147483647;
			files = (
			);
			runOnlyForDeploymentPostprocessing = 0;
		};
		86F6B5D61EB7DA40003F8C8D /* Frameworks */ = {
			isa = PBXFrameworksBuildPhase;
			buildActionMask = 2147483647;
			files = (
			);
			runOnlyForDeploymentPostprocessing = 0;
		};
		86F6B5E11EB7DA40003F8C8D /* Frameworks */ = {
			isa = PBXFrameworksBuildPhase;
			buildActionMask = 2147483647;
			files = (
			);
			runOnlyForDeploymentPostprocessing = 0;
		};
/* End PBXFrameworksBuildPhase section */

/* Begin PBXGroup section */
		86F6B5BC1EB7DA40003F8C8D = {
			isa = PBXGroup;
			children = (
				86F6B5C71EB7DA40003F8C8D /* Debate */,
				86F6B5DC1EB7DA40003F8C8D /* DebateTests */,
				86F6B5E71EB7DA40003F8C8D /* DebateUITests */,
				86F6B5C61EB7DA40003F8C8D /* Products */,
			);
			sourceTree = "<group>";
		};
		86F6B5C61EB7DA40003F8C8D /* Products */ = {
			isa = PBXGroup;
			children = (
				86F6B5C51EB7DA40003F8C8D /* Debate.app */,
				86F6B5D91EB7DA40003F8C8D /* DebateTests.xctest */,
				86F6B5E41EB7DA40003F8C8D /* DebateUITests.xctest */,
			);
			name = Products;
			sourceTree = "<group>";
		};
		86F6B5C71EB7DA40003F8C8D /* Debate */ = {
			isa = PBXGroup;
			children = (
				86F6B5C81EB7DA40003F8C8D /* AppDelegate.swift */,
				86F6B5CA1EB7DA40003F8C8D /* ViewController.swift */,
				86F6B5CC1EB7DA40003F8C8D /* Main.storyboard */,
				86F6B5CF1EB7DA40003F8C8D /* Assets.xcassets */,
				86F6B5D11EB7DA40003F8C8D /* LaunchScreen.storyboard */,
				86F6B5D41EB7DA40003F8C8D /* Info.plist */,
			);
			path = Debate;
			sourceTree = "<group>";
		};
		86F6B5DC1EB7DA40003F8C8D /* DebateTests */ = {
			isa = PBXGroup;
			children = (
				86F6B5DD1EB7DA40003F8C8D /* DebateTests.swift */,
				86F6B5DF1EB7DA40003F8C8D /* Info.plist */,
			);
			path = DebateTests;
			sourceTree = "<group>";
		};
		86F6B5E71EB7DA40003F8C8D /* DebateUITests */ = {
			isa = PBXGroup;
			children = (
				86F6B5E81EB7DA40003F8C8D /* DebateUITests.swift */,
				86F6B5EA1EB7DA40003F8C8D /* Info.plist */,
			);
			path = DebateUITests;
			sourceTree = "<group>";
		};
/* End PBXGroup section */

/* Begin PBXNativeTarget section */
		86F6B5C41EB7DA40003F8C8D /* Debate */ = {
			isa = PBXNativeTarget;
			buildConfigurationList = 86F6B5ED1EB7DA40003F8C8D /* Build configuration list for PBXNativeTarget "Debate" */;
			buildPhases = (
				86F6B5C11EB7DA40003F8C8D /* Sources */,
				86F6B5C21EB7DA40003F8C8D /* Frameworks */,
				86F6B5C31EB7DA40003F8C8D /* Resources */,
			);
			buildRules = (
			);
			dependencies = (
			);
			name = Debate;
			productName = Debate;
			productReference = 86F6B5C51EB7DA40003F8C8D /* Debate.app */;
			productType = "com.apple.product-type.application";
		};
		86F6B5D81EB7DA40003F8C8D /* DebateTests */ = {
			isa = PBXNativeTarget;
			buildConfigurationList = 86F6B5F01EB7DA40003F8C8D /* Build configuration list for PBXNativeTarget "DebateTests" */;
			buildPhases = (
				86F6B5D51EB7DA40003F8C8D /* Sources */,
				86F6B5D61EB7DA40003F8C8D /* Frameworks */,
				86F6B5D71EB7DA40003F8C8D /* Resources */,
			);
			buildRules = (
			);
			dependencies = (
				86F6B5DB1EB7DA40003F8C8D /* PBXTargetDependency */,
			);
			name = DebateTests;
			productName = DebateTests;
			productReference = 86F6B5D91EB7DA40003F8C8D /* DebateTests.xctest */;
			productType = "com.apple.product-type.bundle.unit-test";
		};
		86F6B5E31EB7DA40003F8C8D /* DebateUITests */ = {
			isa = PBXNativeTarget;
			buildConfigurationList = 86F6B5F31EB7DA40003F8C8D /* Build configuration list for PBXNativeTarget "DebateUITests" */;
			buildPhases = (
				86F6B5E01EB7DA40003F8C8D /* Sources */,
				86F6B5E11EB7DA40003F8C8D /* Frameworks */,
				86F6B5E21EB7DA40003F8C8D /* Resources */,
			);
			buildRules = (
			);
			dependencies = (
				86F6B5E61EB7DA40003F8C8D /* PBXTargetDependency */,
			);
			name = DebateUITests;
			productName = DebateUITests;
			productReference = 86F6B5E41EB7DA40003F8C8D /* DebateUITests.xctest */;
			productType = "com.apple.product-type.bundle.ui-testing";
		};
/* End PBXNativeTarget section */

/* Begin PBXProject section */
		86F6B5BD1EB7DA40003F8C8D /* Project object */ = {
			isa = PBXProject;
			attributes = {
				LastSwiftUpdateCheck = 0830;
				LastUpgradeCheck = 0830;
				ORGANIZATIONNAME = Lanogical;
				TargetAttributes = {
					86F6B5C41EB7DA40003F8C8D = {
						CreatedOnToolsVersion = 8.3.2;
						DevelopmentTeam = P3FVZEP449;
						ProvisioningStyle = Automatic;
					};
					86F6B5D81EB7DA40003F8C8D = {
						CreatedOnToolsVersion = 8.3.2;
						DevelopmentTeam = P3FVZEP449;
						ProvisioningStyle = Automatic;
						TestTargetID = 86F6B5C41EB7DA40003F8C8D;
					};
					86F6B5E31EB7DA40003F8C8D = {
						CreatedOnToolsVersion = 8.3.2;
						DevelopmentTeam = P3FVZEP449;
						ProvisioningStyle = Automatic;
						TestTargetID = 86F6B5C41EB7DA40003F8C8D;
					};
				};
			};
			buildConfigurationList = 86F6B5C01EB7DA40003F8C8D /* Build configuration list for PBXProject "Debate" */;
			compatibilityVersion = "Xcode 3.2";
			developmentRegion = English;
			hasScannedForEncodings = 0;
			knownRegions = (
				en,
				Base,
			);
			mainGroup = 86F6B5BC1EB7DA40003F8C8D;
			productRefGroup = 86F6B5C61EB7DA40003F8C8D /* Products */;
			projectDirPath = "";
			projectRoot = "";
			targets = (
				86F6B5C41EB7DA40003F8C8D /* Debate */,
				86F6B5D81EB7DA40003F8C8D /* DebateTests */,
				86F6B5E31EB7DA40003F8C8D /* DebateUITests */,
			);
		};
/* End PBXProject section */

/* Begin PBXResourcesBuildPhase section */
		86F6B5C31EB7DA40003F8C8D /* Resources */ = {
			isa = PBXResourcesBuildPhase;
			buildActionMask = 2147483647;
			files = (
				86F6B5D31EB7DA40003F8C8D /* LaunchScreen.storyboard in Resources */,
				86F6B5D01EB7DA40003F8C8D /* Assets.xcassets in Resources */,
				86F6B5CE1EB7DA40003F8C8D /* Main.storyboard in Resources */,
			);
			runOnlyForDeploymentPostprocessing = 0;
		};
		86F6B5D71EB7DA40003F8C8D /* Resources */ = {
			isa = PBXResourcesBuildPhase;
			buildActionMask = 2147483647;
			files = (
			);
			runOnlyForDeploymentPostprocessing = 0;
		};
		86F6B5E21EB7DA40003F8C8D /* Resources */ = {
			isa = PBXResourcesBuildPhase;
			buildActionMask = 2147483647;
			files = (
			);
			runOnlyForDeploymentPostprocessing = 0;
		};
/* End PBXResourcesBuildPhase section */

/* Begin PBXSourcesBuildPhase section */
		86F6B5C11EB7DA40003F8C8D /* Sources */ = {
			isa = PBXSourcesBuildPhase;
			buildActionMask = 2147483647;
			files = (
				86F6B5CB1EB7DA40003F8C8D /* ViewController.swift in Sources */,
				86F6B5C91EB7DA40003F8C8D /* AppDelegate.swift in Sources */,
			);
			runOnlyForDeploymentPostprocessing = 0;
		};
		86F6B5D51EB7DA40003F8C8D /* Sources */ = {
			isa = PBXSourcesBuildPhase;
			buildActionMask = 2147483647;
			files = (
				86F6B5DE1EB7DA40003F8C8D /* DebateTests.swift in Sources */,
			);
			runOnlyForDeploymentPostprocessing = 0;
		};
		86F6B5E01EB7DA40003F8C8D /* Sources */ = {
			isa = PBXSourcesBuildPhase;
			buildActionMask = 2147483647;
			files = (
				86F6B5E91EB7DA40003F8C8D /* DebateUITests.swift in Sources */,
			);
			runOnlyForDeploymentPostprocessing = 0;
		};
/* End PBXSourcesBuildPhase section */

/* Begin PBXTargetDependency section */
		86F6B5DB1EB7DA40003F8C8D /* PBXTargetDependency */ = {
			isa = PBXTargetDependency;
			target = 86F6B5C41EB7DA40003F8C8D /* Debate */;
			targetProxy = 86F6B5DA1EB7DA40003F8C8D /* PBXContainerItemProxy */;
		};
		86F6B5E61EB7DA40003F8C8D /* PBXTargetDependency */ = {
			isa = PBXTargetDependency;
			target = 86F6B5C41EB7DA40003F8C8D /* Debate */;
			targetProxy = 86F6B5E51EB7DA40003F8C8D /* PBXContainerItemProxy */;
		};
/* End PBXTargetDependency section */

/* Begin PBXVariantGroup section */
		86F6B5CC1EB7DA40003F8C8D /* Main.storyboard */ = {
			isa = PBXVariantGroup;
			children = (
				86F6B5CD1EB7DA40003F8C8D /* Base */,
			);
			name = Main.storyboard;
			sourceTree = "<group>";
		};
		86F6B5D11EB7DA40003F8C8D /* LaunchScreen.storyboard */ = {
			isa = PBXVariantGroup;
			children = (
				86F6B5D21EB7DA40003F8C8D /* Base */,
			);
			name = LaunchScreen.storyboard;
			sourceTree = "<group>";
		};
/* End PBXVariantGroup section */

/* Begin XCBuildConfiguration section */
		86F6B5EB1EB7DA40003F8C8D /* Debug */ = {
			isa = XCBuildConfiguration;
			buildSettings = {
				ALWAYS_SEARCH_USER_PATHS = NO;
				CLANG_ANALYZER_NONNULL = YES;
				CLANG_ANALYZER_NUMBER_OBJECT_CONVERSION = YES_AGGRESSIVE;
				CLANG_CXX_LANGUAGE_STANDARD = "gnu++0x";
				CLANG_CXX_LIBRARY = "libc++";
				CLANG_ENABLE_MODULES = YES;
				CLANG_ENABLE_OBJC_ARC = YES;
				CLANG_WARN_BOOL_CONVERSION = YES;
				CLANG_WARN_CONSTANT_CONVERSION = YES;
				CLANG_WARN_DIRECT_OBJC_ISA_USAGE = YES_ERROR;
				CLANG_WARN_DOCUMENTATION_COMMENTS = YES;
				CLANG_WARN_EMPTY_BODY = YES;
				CLANG_WARN_ENUM_CONVERSION = YES;
				CLANG_WARN_INFINITE_RECURSION = YES;
				CLANG_WARN_INT_CONVERSION = YES;
				CLANG_WARN_OBJC_ROOT_CLASS = YES_ERROR;
				CLANG_WARN_SUSPICIOUS_MOVE = YES;
				CLANG_WARN_UNREACHABLE_CODE = YES;
				CLANG_WARN__DUPLICATE_METHOD_MATCH = YES;
				"CODE_SIGN_IDENTITY[sdk=iphoneos*]" = "iPhone Developer";
				COPY_PHASE_STRIP = NO;
				DEBUG_INFORMATION_FORMAT = dwarf;
				ENABLE_STRICT_OBJC_MSGSEND = YES;
				ENABLE_TESTABILITY = YES;
				GCC_C_LANGUAGE_STANDARD = gnu99;
				GCC_DYNAMIC_NO_PIC = NO;
				GCC_NO_COMMON_BLOCKS = YES;
				GCC_OPTIMIZATION_LEVEL = 0;
				GCC_PREPROCESSOR_DEFINITIONS = (
					"DEBUG=1",
					"$(inherited)",
				);
				GCC_WARN_64_TO_32_BIT_CONVERSION = YES;
				GCC_WARN_ABOUT_RETURN_TYPE = YES_ERROR;
				GCC_WARN_UNDECLARED_SELECTOR = YES;
				GCC_WARN_UNINITIALIZED_AUTOS = YES_AGGRESSIVE;
				GCC_WARN_UNUSED_FUNCTION = YES;
				GCC_WARN_UNUSED_VARIABLE = YES;
				IPHONEOS_DEPLOYMENT_TARGET = 10.3;
				MTL_ENABLE_DEBUG_INFO = YES;
				ONLY_ACTIVE_ARCH = YES;
				SDKROOT = iphoneos;
				SWIFT_ACTIVE_COMPILATION_CONDITIONS = DEBUG;
				SWIFT_OPTIMIZATION_LEVEL = "-Onone";
				TARGETED_DEVICE_FAMILY = "1,2";
			};
			name = Debug;
		};
		86F6B5EC1EB7DA40003F8C8D /* Release */ = {
			isa = XCBuildConfiguration;
			buildSettings = {
				ALWAYS_SEARCH_USER_PATHS = NO;
				CLANG_ANALYZER_NONNULL = YES;
				CLANG_ANALYZER_NUMBER_OBJECT_CONVERSION = YES_AGGRESSIVE;
				CLANG_CXX_LANGUAGE_STANDARD = "gnu++0x";
				CLANG_CXX_LIBRARY = "libc++";
				CLANG_ENABLE_MODULES = YES;
				CLANG_ENABLE_OBJC_ARC = YES;
				CLANG_WARN_BOOL_CONVERSION = YES;
				CLANG_WARN_CONSTANT_CONVERSION = YES;
				CLANG_WARN_DIRECT_OBJC_ISA_USAGE = YES_ERROR;
				CLANG_WARN_DOCUMENTATION_COMMENTS = YES;
				CLANG_WARN_EMPTY_BODY = YES;
				CLANG_WARN_ENUM_CONVERSION = YES;
				CLANG_WARN_INFINITE_RECURSION = YES;
				CLANG_WARN_INT_CONVERSION = YES;
				CLANG_WARN_OBJC_ROOT_CLASS = YES_ERROR;
				CLANG_WARN_SUSPICIOUS_MOVE = YES;
				CLANG_WARN_UNREACHABLE_CODE = YES;
				CLANG_WARN__DUPLICATE_METHOD_MATCH = YES;
				"CODE_SIGN_IDENTITY[sdk=iphoneos*]" = "iPhone Developer";
				COPY_PHASE_STRIP = NO;
				DEBUG_INFORMATION_FORMAT = "dwarf-with-dsym";
				ENABLE_NS_ASSERTIONS = NO;
				ENABLE_STRICT_OBJC_MSGSEND = YES;
				GCC_C_LANGUAGE_STANDARD = gnu99;
				GCC_NO_COMMON_BLOCKS = YES;
				GCC_WARN_64_TO_32_BIT_CONVERSION = YES;
				GCC_WARN_ABOUT_RETURN_TYPE = YES_ERROR;
				GCC_WARN_UNDECLARED_SELECTOR = YES;
				GCC_WARN_UNINITIALIZED_AUTOS = YES_AGGRESSIVE;
				GCC_WARN_UNUSED_FUNCTION = YES;
				GCC_WARN_UNUSED_VARIABLE = YES;
				IPHONEOS_DEPLOYMENT_TARGET = 10.3;
				MTL_ENABLE_DEBUG_INFO = NO;
				SDKROOT = iphoneos;
				SWIFT_OPTIMIZATION_LEVEL = "-Owholemodule";
				TARGETED_DEVICE_FAMILY = "1,2";
				VALIDATE_PRODUCT = YES;
			};
			name = Release;
		};
		86F6B5EE1EB7DA40003F8C8D /* Debug */ = {
			isa = XCBuildConfiguration;
			buildSettings = {
				ASSETCATALOG_COMPILER_APPICON_NAME = AppIcon;
				DEVELOPMENT_TEAM = P3FVZEP449;
				INFOPLIST_FILE = Debate/Info.plist;
				LD_RUNPATH_SEARCH_PATHS = "$(inherited) @executable_path/Frameworks";
				PRODUCT_BUNDLE_IDENTIFIER = com.lanogical.Debate;
				PRODUCT_NAME = "$(TARGET_NAME)";
				SWIFT_VERSION = 3.0;
			};
			name = Debug;
		};
		86F6B5EF1EB7DA40003F8C8D /* Release */ = {
			isa = XCBuildConfiguration;
			buildSettings = {
				ASSETCATALOG_COMPILER_APPICON_NAME = AppIcon;
				DEVELOPMENT_TEAM = P3FVZEP449;
				INFOPLIST_FILE = Debate/Info.plist;
				LD_RUNPATH_SEARCH_PATHS = "$(inherited) @executable_path/Frameworks";
				PRODUCT_BUNDLE_IDENTIFIER = com.lanogical.Debate;
				PRODUCT_NAME = "$(TARGET_NAME)";
				SWIFT_VERSION = 3.0;
			};
			name = Release;
		};
		86F6B5F11EB7DA40003F8C8D /* Debug */ = {
			isa = XCBuildConfiguration;
			buildSettings = {
				ALWAYS_EMBED_SWIFT_STANDARD_LIBRARIES = YES;
				BUNDLE_LOADER = "$(TEST_HOST)";
				DEVELOPMENT_TEAM = P3FVZEP449;
				INFOPLIST_FILE = DebateTests/Info.plist;
				LD_RUNPATH_SEARCH_PATHS = "$(inherited) @executable_path/Frameworks @loader_path/Frameworks";
				PRODUCT_BUNDLE_IDENTIFIER = com.lanogical.DebateTests;
				PRODUCT_NAME = "$(TARGET_NAME)";
				SWIFT_VERSION = 3.0;
				TEST_HOST = "$(BUILT_PRODUCTS_DIR)/Debate.app/Debate";
			};
			name = Debug;
		};
		86F6B5F21EB7DA40003F8C8D /* Release */ = {
			isa = XCBuildConfiguration;
			buildSettings = {
				ALWAYS_EMBED_SWIFT_STANDARD_LIBRARIES = YES;
				BUNDLE_LOADER = "$(TEST_HOST)";
				DEVELOPMENT_TEAM = P3FVZEP449;
				INFOPLIST_FILE = DebateTests/Info.plist;
				LD_RUNPATH_SEARCH_PATHS = "$(inherited) @executable_path/Frameworks @loader_path/Frameworks";
				PRODUCT_BUNDLE_IDENTIFIER = com.lanogical.DebateTests;
				PRODUCT_NAME = "$(TARGET_NAME)";
				SWIFT_VERSION = 3.0;
				TEST_HOST = "$(BUILT_PRODUCTS_DIR)/Debate.app/Debate";
			};
			name = Release;
		};
		86F6B5F41EB7DA40003F8C8D /* Debug */ = {
			isa = XCBuildConfiguration;
			buildSettings = {
				ALWAYS_EMBED_SWIFT_STANDARD_LIBRARIES = YES;
				DEVELOPMENT_TEAM = P3FVZEP449;
				INFOPLIST_FILE = DebateUITests/Info.plist;
				LD_RUNPATH_SEARCH_PATHS = "$(inherited) @executable_path/Frameworks @loader_path/Frameworks";
				PRODUCT_BUNDLE_IDENTIFIER = com.lanogical.DebateUITests;
				PRODUCT_NAME = "$(TARGET_NAME)";
				SWIFT_VERSION = 3.0;
				TEST_TARGET_NAME = Debate;
			};
			name = Debug;
		};
		86F6B5F51EB7DA40003F8C8D /* Release */ = {
			isa = XCBuildConfiguration;
			buildSettings = {
				ALWAYS_EMBED_SWIFT_STANDARD_LIBRARIES = YES;
				DEVELOPMENT_TEAM = P3FVZEP449;
				INFOPLIST_FILE = DebateUITests/Info.plist;
				LD_RUNPATH_SEARCH_PATHS = "$(inherited) @executable_path/Frameworks @loader_path/Frameworks";
				PRODUCT_BUNDLE_IDENTIFIER = com.lanogical.DebateUITests;
				PRODUCT_NAME = "$(TARGET_NAME)";
				SWIFT_VERSION = 3.0;
				TEST_TARGET_NAME = Debate;
			};
			name = Release;
		};
/* End XCBuildConfiguration section */

/* Begin XCConfigurationList section */
		86F6B5C01EB7DA40003F8C8D /* Build configuration list for PBXProject "Debate" */ = {
			isa = XCConfigurationList;
			buildConfigurations = (
				86F6B5EB1EB7DA40003F8C8D /* Debug */,
				86F6B5EC1EB7DA40003F8C8D /* Release */,
			);
			defaultConfigurationIsVisible = 0;
			defaultConfigurationName = Release;
		};
		86F6B5ED1EB7DA40003F8C8D /* Build configuration list for PBXNativeTarget "Debate" */ = {
			isa = XCConfigurationList;
			buildConfigurations = (
				86F6B5EE1EB7DA40003F8C8D /* Debug */,
				86F6B5EF1EB7DA40003F8C8D /* Release */,
			);
			defaultConfigurationIsVisible = 0;
		};
		86F6B5F01EB7DA40003F8C8D /* Build configuration list for PBXNativeTarget "DebateTests" */ = {
			isa = XCConfigurationList;
			buildConfigurations = (
				86F6B5F11EB7DA40003F8C8D /* Debug */,
				86F6B5F21EB7DA40003F8C8D /* Release */,
			);
			defaultConfigurationIsVisible = 0;
		};
		86F6B5F31EB7DA40003F8C8D /* Build configuration list for PBXNativeTarget "DebateUITests" */ = {
			isa = XCConfigurationList;
			buildConfigurations = (
				86F6B5F41EB7DA40003F8C8D /* Debug */,
				86F6B5F51EB7DA40003F8C8D /* Release */,
			);
			defaultConfigurationIsVisible = 0;
		};
/* End XCConfigurationList section */
	};
	rootObject = 86F6B5BD1EB7DA40003F8C8D /* Project object */;
}
